
Microsoft Visual Studio Solution File, Format Version 12.00
# Visual Studio Version 16
VisualStudioVersion = 16.0.30717.126
MinimumVisualStudioVersion = 10.0.40219.1
Project("{FAE04EC0-301F-11D3-BF4B-00C04F79EFBC}") = "01.Custom-Data-Structures", "01.Custom-Data-Structures\01.Custom-Data-Structures.csproj", "{705AC2B5-4B27-47A2-A6BB-C36B861B3461}"
EndProject
Global
	GlobalSection(SolutionConfigurationPlatforms) = preSolution
		Debug|Any CPU = Debug|Any CPU
		Release|Any CPU = Release|Any CPU
	EndGlobalSection
	GlobalSection(ProjectConfigurationPlatforms) = postSolution
		{705AC2B5-4B27-47A2-A6BB-C36B861B3461}.Debug|Any CPU.ActiveCfg = Debug|Any CPU
		{705AC2B5-4B27-47A2-A6BB-C36B861B3461}.Debug|Any CPU.Build.0 = Debug|Any CPU
		{705AC2B5-4B27-47A2-A6BB-C36B861B3461}.Release|Any CPU.ActiveCfg = Release|Any CPU
		{705AC2B5-4B27-47A2-A6BB-C36B861B3461}.Release|Any CPU.Build.0 = Release|Any CPU
	EndGlobalSection
	GlobalSection(SolutionProperties) = preSolution
		HideSolutionNode = FALSE
	EndGlobalSection
	GlobalSection(ExtensibilityGlobals) = postSolution
		SolutionGuid = {C53CAD72-9F9E-4D9D-A3AD-AB9F6767698C}
	EndGlobalSection
EndGlobal
