
Microsoft Visual Studio Solution File, Format Version 12.00
# Visual Studio Version 16
VisualStudioVersion = 16.0.31019.35
MinimumVisualStudioVersion = 10.0.40219.1
Project("{9A19103F-16F7-4668-BE54-9A1E7A4F7556}") = "Vehicles", "Vehicles\Vehicles.csproj", "{050D065B-29C9-4C51-B63D-5DCBABCB0315}"
EndProject
Project("{FAE04EC0-301F-11D3-BF4B-00C04F79EFBC}") = "Raiding", "Raiding\Raiding.csproj", "{AC5BF595-CCE8-4C5F-915F-6357492C3420}"
EndProject
Project("{FAE04EC0-301F-11D3-BF4B-00C04F79EFBC}") = "WildFarm", "WildFarm\WildFarm.csproj", "{FB994478-5A40-4FB8-A64A-4C8B171FC7B6}"
EndProject
Global
	GlobalSection(SolutionConfigurationPlatforms) = preSolution
		Debug|Any CPU = Debug|Any CPU
		Release|Any CPU = Release|Any CPU
	EndGlobalSection
	GlobalSection(ProjectConfigurationPlatforms) = postSolution
		{050D065B-29C9-4C51-B63D-5DCBABCB0315}.Debug|Any CPU.ActiveCfg = Debug|Any CPU
		{050D065B-29C9-4C51-B63D-5DCBABCB0315}.Debug|Any CPU.Build.0 = Debug|Any CPU
		{050D065B-29C9-4C51-B63D-5DCBABCB0315}.Release|Any CPU.ActiveCfg = Release|Any CPU
		{050D065B-29C9-4C51-B63D-5DCBABCB0315}.Release|Any CPU.Build.0 = Release|Any CPU
		{AC5BF595-CCE8-4C5F-915F-6357492C3420}.Debug|Any CPU.ActiveCfg = Debug|Any CPU
		{AC5BF595-CCE8-4C5F-915F-6357492C3420}.Debug|Any CPU.Build.0 = Debug|Any CPU
		{AC5BF595-CCE8-4C5F-915F-6357492C3420}.Release|Any CPU.ActiveCfg = Release|Any CPU
		{AC5BF595-CCE8-4C5F-915F-6357492C3420}.Release|Any CPU.Build.0 = Release|Any CPU
		{FB994478-5A40-4FB8-A64A-4C8B171FC7B6}.Debug|Any CPU.ActiveCfg = Debug|Any CPU
		{FB994478-5A40-4FB8-A64A-4C8B171FC7B6}.Debug|Any CPU.Build.0 = Debug|Any CPU
		{FB994478-5A40-4FB8-A64A-4C8B171FC7B6}.Release|Any CPU.ActiveCfg = Release|Any CPU
		{FB994478-5A40-4FB8-A64A-4C8B171FC7B6}.Release|Any CPU.Build.0 = Release|Any CPU
	EndGlobalSection
	GlobalSection(SolutionProperties) = preSolution
		HideSolutionNode = FALSE
	EndGlobalSection
	GlobalSection(ExtensibilityGlobals) = postSolution
		SolutionGuid = {5780ACE6-7175-4C85-AA62-A4707928BBD1}
	EndGlobalSection
EndGlobal
