
Microsoft Visual Studio Solution File, Format Version 12.00
# Visual Studio Version 16
VisualStudioVersion = 16.0.30717.126
MinimumVisualStudioVersion = 10.0.40219.1
Project("{9A19103F-16F7-4668-BE54-9A1E7A4F7556}") = "01.Orcs", "01.Orcs\01.Orcs.csproj", "{F3AA0BC2-E59F-44F6-A423-62C8FC16B37A}"
EndProject
Project("{9A19103F-16F7-4668-BE54-9A1E7A4F7556}") = "02.Warships", "02.Warships\02.Warships.csproj", "{8F93B4D6-4BAB-407A-B159-75200AACC384}"
EndProject
Project("{9A19103F-16F7-4668-BE54-9A1E7A4F7556}") = "check", "check\check.csproj", "{8DC770CB-AB60-483B-8097-F1BD2D1096F5}"
EndProject
Project("{FAE04EC0-301F-11D3-BF4B-00C04F79EFBC}") = "Warships-Another-Solution", "Warships-Another-Solution\Warships-Another-Solution.csproj", "{9C8B2A12-12F7-4D17-9AF7-280226F1A454}"
EndProject
Project("{FAE04EC0-301F-11D3-BF4B-00C04F79EFBC}") = "Fight-For-Gondor-Another-Solution", "Fight-For-Gondor-Another-Solution\Fight-For-Gondor-Another-Solution.csproj", "{89015242-B2FB-408F-A3AD-CFA3A7850075}"
EndProject
Global
	GlobalSection(SolutionConfigurationPlatforms) = preSolution
		Debug|Any CPU = Debug|Any CPU
		Release|Any CPU = Release|Any CPU
	EndGlobalSection
	GlobalSection(ProjectConfigurationPlatforms) = postSolution
		{F3AA0BC2-E59F-44F6-A423-62C8FC16B37A}.Debug|Any CPU.ActiveCfg = Debug|Any CPU
		{F3AA0BC2-E59F-44F6-A423-62C8FC16B37A}.Debug|Any CPU.Build.0 = Debug|Any CPU
		{F3AA0BC2-E59F-44F6-A423-62C8FC16B37A}.Release|Any CPU.ActiveCfg = Release|Any CPU
		{F3AA0BC2-E59F-44F6-A423-62C8FC16B37A}.Release|Any CPU.Build.0 = Release|Any CPU
		{8F93B4D6-4BAB-407A-B159-75200AACC384}.Debug|Any CPU.ActiveCfg = Debug|Any CPU
		{8F93B4D6-4BAB-407A-B159-75200AACC384}.Debug|Any CPU.Build.0 = Debug|Any CPU
		{8F93B4D6-4BAB-407A-B159-75200AACC384}.Release|Any CPU.ActiveCfg = Release|Any CPU
		{8F93B4D6-4BAB-407A-B159-75200AACC384}.Release|Any CPU.Build.0 = Release|Any CPU
		{8DC770CB-AB60-483B-8097-F1BD2D1096F5}.Debug|Any CPU.ActiveCfg = Debug|Any CPU
		{8DC770CB-AB60-483B-8097-F1BD2D1096F5}.Debug|Any CPU.Build.0 = Debug|Any CPU
		{8DC770CB-AB60-483B-8097-F1BD2D1096F5}.Release|Any CPU.ActiveCfg = Release|Any CPU
		{8DC770CB-AB60-483B-8097-F1BD2D1096F5}.Release|Any CPU.Build.0 = Release|Any CPU
		{9C8B2A12-12F7-4D17-9AF7-280226F1A454}.Debug|Any CPU.ActiveCfg = Debug|Any CPU
		{9C8B2A12-12F7-4D17-9AF7-280226F1A454}.Debug|Any CPU.Build.0 = Debug|Any CPU
		{9C8B2A12-12F7-4D17-9AF7-280226F1A454}.Release|Any CPU.ActiveCfg = Release|Any CPU
		{9C8B2A12-12F7-4D17-9AF7-280226F1A454}.Release|Any CPU.Build.0 = Release|Any CPU
		{89015242-B2FB-408F-A3AD-CFA3A7850075}.Debug|Any CPU.ActiveCfg = Debug|Any CPU
		{89015242-B2FB-408F-A3AD-CFA3A7850075}.Debug|Any CPU.Build.0 = Debug|Any CPU
		{89015242-B2FB-408F-A3AD-CFA3A7850075}.Release|Any CPU.ActiveCfg = Release|Any CPU
		{89015242-B2FB-408F-A3AD-CFA3A7850075}.Release|Any CPU.Build.0 = Release|Any CPU
	EndGlobalSection
	GlobalSection(SolutionProperties) = preSolution
		HideSolutionNode = FALSE
	EndGlobalSection
	GlobalSection(ExtensibilityGlobals) = postSolution
		SolutionGuid = {D5A22AED-E4AB-4619-9DB3-6B9F403EED98}
	EndGlobalSection
EndGlobal
