
Microsoft Visual Studio Solution File, Format Version 12.00
# Visual Studio Version 16
VisualStudioVersion = 16.0.31019.35
MinimumVisualStudioVersion = 10.0.40219.1
Project("{FAE04EC0-301F-11D3-BF4B-00C04F79EFBC}") = "SquareRoot", "SquareRoot\SquareRoot.csproj", "{CF53B58D-9917-41B1-AFA7-71FD3C81FDD8}"
EndProject
Project("{FAE04EC0-301F-11D3-BF4B-00C04F79EFBC}") = "Fixing", "Fixing\Fixing.csproj", "{BC63D080-9C20-4C60-8929-526EF1FFA307}"
EndProject
Project("{FAE04EC0-301F-11D3-BF4B-00C04F79EFBC}") = "FixingVol2", "FixingVol2\FixingVol2.csproj", "{1DEFEDF2-99DF-4920-B5A5-D56196378AA3}"
EndProject
Global
	GlobalSection(SolutionConfigurationPlatforms) = preSolution
		Debug|Any CPU = Debug|Any CPU
		Release|Any CPU = Release|Any CPU
	EndGlobalSection
	GlobalSection(ProjectConfigurationPlatforms) = postSolution
		{CF53B58D-9917-41B1-AFA7-71FD3C81FDD8}.Debug|Any CPU.ActiveCfg = Debug|Any CPU
		{CF53B58D-9917-41B1-AFA7-71FD3C81FDD8}.Debug|Any CPU.Build.0 = Debug|Any CPU
		{CF53B58D-9917-41B1-AFA7-71FD3C81FDD8}.Release|Any CPU.ActiveCfg = Release|Any CPU
		{CF53B58D-9917-41B1-AFA7-71FD3C81FDD8}.Release|Any CPU.Build.0 = Release|Any CPU
		{BC63D080-9C20-4C60-8929-526EF1FFA307}.Debug|Any CPU.ActiveCfg = Debug|Any CPU
		{BC63D080-9C20-4C60-8929-526EF1FFA307}.Debug|Any CPU.Build.0 = Debug|Any CPU
		{BC63D080-9C20-4C60-8929-526EF1FFA307}.Release|Any CPU.ActiveCfg = Release|Any CPU
		{BC63D080-9C20-4C60-8929-526EF1FFA307}.Release|Any CPU.Build.0 = Release|Any CPU
		{1DEFEDF2-99DF-4920-B5A5-D56196378AA3}.Debug|Any CPU.ActiveCfg = Debug|Any CPU
		{1DEFEDF2-99DF-4920-B5A5-D56196378AA3}.Debug|Any CPU.Build.0 = Debug|Any CPU
		{1DEFEDF2-99DF-4920-B5A5-D56196378AA3}.Release|Any CPU.ActiveCfg = Release|Any CPU
		{1DEFEDF2-99DF-4920-B5A5-D56196378AA3}.Release|Any CPU.Build.0 = Release|Any CPU
	EndGlobalSection
	GlobalSection(SolutionProperties) = preSolution
		HideSolutionNode = FALSE
	EndGlobalSection
	GlobalSection(ExtensibilityGlobals) = postSolution
		SolutionGuid = {86E7E791-C653-4D70-8B7B-A3C5CD039069}
	EndGlobalSection
EndGlobal
