
Microsoft Visual Studio Solution File, Format Version 12.00
# Visual Studio Version 16
VisualStudioVersion = 16.0.30717.126
MinimumVisualStudioVersion = 10.0.40219.1
Project("{FAE04EC0-301F-11D3-BF4B-00C04F79EFBC}") = "01.Sort-Even-Numbers", "01.Sort-Even-Numbers\01.Sort-Even-Numbers.csproj", "{46E178A9-7781-470A-A078-FCD224152056}"
EndProject
Project("{FAE04EC0-301F-11D3-BF4B-00C04F79EFBC}") = "02.Sum-Numbers", "02.Sum-Numbers\02.Sum-Numbers.csproj", "{C668A3B5-E611-4E76-9D8F-2C94D5F41D1D}"
EndProject
Project("{FAE04EC0-301F-11D3-BF4B-00C04F79EFBC}") = "03.Count-Upper-Case-Words", "03.Count-Upper-Case-Words\03.Count-Upper-Case-Words.csproj", "{296D5DD6-6C38-44C8-8F35-97006E35B8D9}"
EndProject
Project("{FAE04EC0-301F-11D3-BF4B-00C04F79EFBC}") = "04.Add-Vat", "04.Add-Vat\04.Add-Vat.csproj", "{048483AB-DB0D-465E-8B3B-2B6F74A8B439}"
EndProject
Project("{FAE04EC0-301F-11D3-BF4B-00C04F79EFBC}") = "05.Filter-By-Age", "05.Filter-By-Age\05.Filter-By-Age.csproj", "{27DAC36E-2346-46A0-9952-9268EEDDBCF9}"
EndProject
Global
	GlobalSection(SolutionConfigurationPlatforms) = preSolution
		Debug|Any CPU = Debug|Any CPU
		Release|Any CPU = Release|Any CPU
	EndGlobalSection
	GlobalSection(ProjectConfigurationPlatforms) = postSolution
		{46E178A9-7781-470A-A078-FCD224152056}.Debug|Any CPU.ActiveCfg = Debug|Any CPU
		{46E178A9-7781-470A-A078-FCD224152056}.Debug|Any CPU.Build.0 = Debug|Any CPU
		{46E178A9-7781-470A-A078-FCD224152056}.Release|Any CPU.ActiveCfg = Release|Any CPU
		{46E178A9-7781-470A-A078-FCD224152056}.Release|Any CPU.Build.0 = Release|Any CPU
		{C668A3B5-E611-4E76-9D8F-2C94D5F41D1D}.Debug|Any CPU.ActiveCfg = Debug|Any CPU
		{C668A3B5-E611-4E76-9D8F-2C94D5F41D1D}.Debug|Any CPU.Build.0 = Debug|Any CPU
		{C668A3B5-E611-4E76-9D8F-2C94D5F41D1D}.Release|Any CPU.ActiveCfg = Release|Any CPU
		{C668A3B5-E611-4E76-9D8F-2C94D5F41D1D}.Release|Any CPU.Build.0 = Release|Any CPU
		{296D5DD6-6C38-44C8-8F35-97006E35B8D9}.Debug|Any CPU.ActiveCfg = Debug|Any CPU
		{296D5DD6-6C38-44C8-8F35-97006E35B8D9}.Debug|Any CPU.Build.0 = Debug|Any CPU
		{296D5DD6-6C38-44C8-8F35-97006E35B8D9}.Release|Any CPU.ActiveCfg = Release|Any CPU
		{296D5DD6-6C38-44C8-8F35-97006E35B8D9}.Release|Any CPU.Build.0 = Release|Any CPU
		{048483AB-DB0D-465E-8B3B-2B6F74A8B439}.Debug|Any CPU.ActiveCfg = Debug|Any CPU
		{048483AB-DB0D-465E-8B3B-2B6F74A8B439}.Debug|Any CPU.Build.0 = Debug|Any CPU
		{048483AB-DB0D-465E-8B3B-2B6F74A8B439}.Release|Any CPU.ActiveCfg = Release|Any CPU
		{048483AB-DB0D-465E-8B3B-2B6F74A8B439}.Release|Any CPU.Build.0 = Release|Any CPU
		{27DAC36E-2346-46A0-9952-9268EEDDBCF9}.Debug|Any CPU.ActiveCfg = Debug|Any CPU
		{27DAC36E-2346-46A0-9952-9268EEDDBCF9}.Debug|Any CPU.Build.0 = Debug|Any CPU
		{27DAC36E-2346-46A0-9952-9268EEDDBCF9}.Release|Any CPU.ActiveCfg = Release|Any CPU
		{27DAC36E-2346-46A0-9952-9268EEDDBCF9}.Release|Any CPU.Build.0 = Release|Any CPU
	EndGlobalSection
	GlobalSection(SolutionProperties) = preSolution
		HideSolutionNode = FALSE
	EndGlobalSection
	GlobalSection(ExtensibilityGlobals) = postSolution
		SolutionGuid = {C2F52B3C-4420-4B95-A62D-77A93EB1434F}
	EndGlobalSection
EndGlobal
