
Microsoft Visual Studio Solution File, Format Version 12.00
# Visual Studio Version 16
VisualStudioVersion = 16.0.30717.126
MinimumVisualStudioVersion = 10.0.40219.1
Project("{FAE04EC0-301F-11D3-BF4B-00C04F79EFBC}") = "GenericScale", "GenericScale\GenericScale.csproj", "{48E8EB55-96A2-4CEE-9C33-795CD4EEDF51}"
EndProject
Project("{FAE04EC0-301F-11D3-BF4B-00C04F79EFBC}") = "BoxOfT", "BoxOfT\BoxOfT.csproj", "{8FF7EE20-BD96-44FF-95D1-1258E473B1EB}"
EndProject
Project("{FAE04EC0-301F-11D3-BF4B-00C04F79EFBC}") = "GenericArrayCreator", "GenericArrayCreator\GenericArrayCreator.csproj", "{2DFA2EA7-9EC8-431C-849E-2458D9B3933D}"
EndProject
Global
	GlobalSection(SolutionConfigurationPlatforms) = preSolution
		Debug|Any CPU = Debug|Any CPU
		Release|Any CPU = Release|Any CPU
	EndGlobalSection
	GlobalSection(ProjectConfigurationPlatforms) = postSolution
		{48E8EB55-96A2-4CEE-9C33-795CD4EEDF51}.Debug|Any CPU.ActiveCfg = Debug|Any CPU
		{48E8EB55-96A2-4CEE-9C33-795CD4EEDF51}.Debug|Any CPU.Build.0 = Debug|Any CPU
		{48E8EB55-96A2-4CEE-9C33-795CD4EEDF51}.Release|Any CPU.ActiveCfg = Release|Any CPU
		{48E8EB55-96A2-4CEE-9C33-795CD4EEDF51}.Release|Any CPU.Build.0 = Release|Any CPU
		{8FF7EE20-BD96-44FF-95D1-1258E473B1EB}.Debug|Any CPU.ActiveCfg = Debug|Any CPU
		{8FF7EE20-BD96-44FF-95D1-1258E473B1EB}.Debug|Any CPU.Build.0 = Debug|Any CPU
		{8FF7EE20-BD96-44FF-95D1-1258E473B1EB}.Release|Any CPU.ActiveCfg = Release|Any CPU
		{8FF7EE20-BD96-44FF-95D1-1258E473B1EB}.Release|Any CPU.Build.0 = Release|Any CPU
		{2DFA2EA7-9EC8-431C-849E-2458D9B3933D}.Debug|Any CPU.ActiveCfg = Debug|Any CPU
		{2DFA2EA7-9EC8-431C-849E-2458D9B3933D}.Debug|Any CPU.Build.0 = Debug|Any CPU
		{2DFA2EA7-9EC8-431C-849E-2458D9B3933D}.Release|Any CPU.ActiveCfg = Release|Any CPU
		{2DFA2EA7-9EC8-431C-849E-2458D9B3933D}.Release|Any CPU.Build.0 = Release|Any CPU
	EndGlobalSection
	GlobalSection(SolutionProperties) = preSolution
		HideSolutionNode = FALSE
	EndGlobalSection
	GlobalSection(ExtensibilityGlobals) = postSolution
		SolutionGuid = {1BF469AF-45DA-4D67-9808-A6D7A1D9E21F}
	EndGlobalSection
EndGlobal
